{
  "requires": true,
  "lockfileVersion": 1,
  "dependencies": {
    "nodep-date-input-polyfill": {
      "version": "5.2.0",
      "resolved": "https://registry.npmjs.org/nodep-date-input-polyfill/-/nodep-date-input-polyfill-5.2.0.tgz",
      "integrity": "sha1-A1+qnEsX+lzPuLCSAQ8+3mtvibY="
    }
  }
}
